PODS:
  - React (0.11.0):
    - React/Core (= 0.11.0)
  - React/Core (0.11.0)
  - RNVectorIcons (4.6.0):
    - React

DEPENDENCIES:
  - RNVectorIcons (from `../node_modules/react-native-vector-icons`)

SPEC REPOS:
  https://github.com/CocoaPods/Specs.git:
    - React

EXTERNAL SOURCES:
  RNVectorIcons:
    :path: "../node_modules/react-native-vector-icons"

SPEC CHECKSUMS:
  React: ab1a2e21deb34965c38328d5ec40cc7d12c6050a
  RNVectorIcons: c0dbfbf6068fefa240c37b0f71bd03b45dddac44

PODFILE CHECKSUM: 5780b323927bc9c4e29e16a7a8164b54cdae418e

COCOAPODS: 1.5.0
